
Microsoft Visual Studio Solution File, Format Version 12.00
# Visual Studio Version 16
VisualStudioVersion = 16.0.30204.135
MinimumVisualStudioVersion = 10.0.40219.1
Project("{FAE04EC0-301F-11D3-BF4B-00C04F79EFBC}") = "Examen_Certificacion_U1", "Examen_Certificacion_U1\Examen_Certificacion_U1.csproj", "{EB1A2C0E-D032-47A5-AA08-FD3A89C01762}"
EndProject
Project("{FAE04EC0-301F-11D3-BF4B-00C04F79EFBC}") = "BdBiblioteca", "BdBiblioteca\BdBiblioteca.csproj", "{52D326BC-809D-41FC-8763-DF0ADEB90D46}"
EndProject
Global
	GlobalSection(SolutionConfigurationPlatforms) = preSolution
		Debug|Any CPU = Debug|Any CPU
		Release|Any CPU = Release|Any CPU
	EndGlobalSection
	GlobalSection(ProjectConfigurationPlatforms) = postSolution
		{EB1A2C0E-D032-47A5-AA08-FD3A89C01762}.Debug|Any CPU.ActiveCfg = Debug|Any CPU
		{EB1A2C0E-D032-47A5-AA08-FD3A89C01762}.Debug|Any CPU.Build.0 = Debug|Any CPU
		{EB1A2C0E-D032-47A5-AA08-FD3A89C01762}.Release|Any CPU.ActiveCfg = Release|Any CPU
		{EB1A2C0E-D032-47A5-AA08-FD3A89C01762}.Release|Any CPU.Build.0 = Release|Any CPU
		{52D326BC-809D-41FC-8763-DF0ADEB90D46}.Debug|Any CPU.ActiveCfg = Debug|Any CPU
		{52D326BC-809D-41FC-8763-DF0ADEB90D46}.Debug|Any CPU.Build.0 = Debug|Any CPU
		{52D326BC-809D-41FC-8763-DF0ADEB90D46}.Release|Any CPU.ActiveCfg = Release|Any CPU
		{52D326BC-809D-41FC-8763-DF0ADEB90D46}.Release|Any CPU.Build.0 = Release|Any CPU
	EndGlobalSection
	GlobalSection(SolutionProperties) = preSolution
		HideSolutionNode = FALSE
	EndGlobalSection
	GlobalSection(ExtensibilityGlobals) = postSolution
		SolutionGuid = {47DDF21A-954F-47E4-821F-0284A51AD156}
	EndGlobalSection
EndGlobal
